// !$*UTF8*$!
{
	archiveVersion = 1;
	classes = {
	};
	objectVersion = 48;
	objects = {

/* Begin PBXBuildFile section */
		60DD0C462001B5CC0070D9BC /* AppDelegate.swift in Sources */ = {isa = PBXBuildFile; fileRef = 60DD0C452001B5CC0070D9BC /* AppDelegate.swift */; };
		60DD0C482001B5CC0070D9BC /* ViewController.swift in Sources */ = {isa = PBXBuildFile; fileRef = 60DD0C472001B5CC0070D9BC /* ViewController.swift */; };
		60DD0C4B2001B5CC0070D9BC /* Main.storyboard in Resources */ = {isa = PBXBuildFile; fileRef = 60DD0C492001B5CC0070D9BC /* Main.storyboard */; };
		60DD0C4D2001B5CC0070D9BC /* Assets.xcassets in Resources */ = {isa = PBXBuildFile; fileRef = 60DD0C4C2001B5CC0070D9BC /* Assets.xcassets */; };
		60DD0C502001B5CC0070D9BC /* LaunchScreen.storyboard in Resources */ = {isa = PBXBuildFile; fileRef = 60DD0C4E2001B5CC0070D9BC /* LaunchScreen.storyboard */; };
		60DD0C5B2001B5CC0070D9BC /* startFirebaseTests.swift in Sources */ = {isa = PBXBuildFile; fileRef = 60DD0C5A2001B5CC0070D9BC /* startFirebaseTests.swift */; };
		60DD0C662001B5CC0070D9BC /* startFirebaseUITests.swift in Sources */ = {isa = PBXBuildFile; fileRef = 60DD0C652001B5CC0070D9BC /* startFirebaseUITests.swift */; };
/* End PBXBuildFile section */

/* Begin PBXContainerItemProxy section */
		60DD0C572001B5CC0070D9BC /* PBXContainerItemProxy */ = {
			isa = PBXContainerItemProxy;
			containerPortal = 60DD0C3A2001B5CC0070D9BC /* Project object */;
			proxyType = 1;
			remoteGlobalIDString = 60DD0C412001B5CC0070D9BC;
			remoteInfo = startFirebase;
		};
		60DD0C622001B5CC0070D9BC /* PBXContainerItemProxy */ = {
			isa = PBXContainerItemProxy;
			containerPortal = 60DD0C3A2001B5CC0070D9BC /* Project object */;
			proxyType = 1;
			remoteGlobalIDString = 60DD0C412001B5CC0070D9BC;
			remoteInfo = startFirebase;
		};
/* End PBXContainerItemProxy section */

/* Begin PBXFileReference section */
		60DD0C422001B5CC0070D9BC /* startFirebase.app */ = {isa = PBXFileReference; explicitFileType = wrapper.application; includeInIndex = 0; path = startFirebase.app; sourceTree = BUILT_PRODUCTS_DIR; };
		60DD0C452001B5CC0070D9BC /* AppDelegate.swift */ = {isa = PBXFileReference; lastKnownFileType = sourcecode.swift; path = AppDelegate.swift; sourceTree = "<group>"; };
		60DD0C472001B5CC0070D9BC /* ViewController.swift */ = {isa = PBXFileReference; lastKnownFileType = sourcecode.swift; path = ViewController.swift; sourceTree = "<group>"; };
		60DD0C4A2001B5CC0070D9BC /* Base */ = {isa = PBXFileReference; lastKnownFileType = file.storyboard; name = Base; path = Base.lproj/Main.storyboard; sourceTree = "<group>"; };
		60DD0C4C2001B5CC0070D9BC /* Assets.xcassets */ = {isa = PBXFileReference; lastKnownFileType = folder.assetcatalog; path = Assets.xcassets; sourceTree = "<group>"; };
		60DD0C4F2001B5CC0070D9BC /* Base */ = {isa = PBXFileReference; lastKnownFileType = file.storyboard; name = Base; path = Base.lproj/LaunchScreen.storyboard; sourceTree = "<group>"; };
		60DD0C512001B5CC0070D9BC /* Info.plist */ = {isa = PBXFileReference; lastKnownFileType = text.plist.xml; path = Info.plist; sourceTree = "<group>"; };
		60DD0C562001B5CC0070D9BC /* startFirebaseTests.xctest */ = {isa = PBXFileReference; explicitFileType = wrapper.cfbundle; includeInIndex = 0; path = startFirebaseTests.xctest; sourceTree = BUILT_PRODUCTS_DIR; };
		60DD0C5A2001B5CC0070D9BC /* startFirebaseTests.swift */ = {isa = PBXFileReference; lastKnownFileType = sourcecode.swift; path = startFirebaseTests.swift; sourceTree = "<group>"; };
		60DD0C5C2001B5CC0070D9BC /* Info.plist */ = {isa = PBXFileReference; lastKnownFileType = text.plist.xml; path = Info.plist; sourceTree = "<group>"; };
		60DD0C612001B5CC0070D9BC /* startFirebaseUITests.xctest */ = {isa = PBXFileReference; explicitFileType = wrapper.cfbundle; includeInIndex = 0; path = startFirebaseUITests.xctest; sourceTree = BUILT_PRODUCTS_DIR; };
		60DD0C652001B5CC0070D9BC /* startFirebaseUITests.swift */ = {isa = PBXFileReference; lastKnownFileType = sourcecode.swift; path = startFirebaseUITests.swift; sourceTree = "<group>"; };
		60DD0C672001B5CC0070D9BC /* Info.plist */ = {isa = PBXFileReference; lastKnownFileType = text.plist.xml; path = Info.plist; sourceTree = "<group>"; };
/* End PBXFileReference section */

/* Begin PBXFrameworksBuildPhase section */
		60DD0C3F2001B5CC0070D9BC /* Frameworks */ = {
			isa = PBXFrameworksBuildPhase;
			buildActionMask = 2147483647;
			files = (
			);
			runOnlyForDeploymentPostprocessing = 0;
		};
		60DD0C532001B5CC0070D9BC /* Frameworks */ = {
			isa = PBXFrameworksBuildPhase;
			buildActionMask = 2147483647;
			files = (
			);
			runOnlyForDeploymentPostprocessing = 0;
		};
		60DD0C5E2001B5CC0070D9BC /* Frameworks */ = {
			isa = PBXFrameworksBuildPhase;
			buildActionMask = 2147483647;
			files = (
			);
			runOnlyForDeploymentPostprocessing = 0;
		};
/* End PBXFrameworksBuildPhase section */

/* Begin PBXGroup section */
		60DD0C392001B5CC0070D9BC = {
			isa = PBXGroup;
			children = (
				60DD0C442001B5CC0070D9BC /* startFirebase */,
				60DD0C592001B5CC0070D9BC /* startFirebaseTests */,
				60DD0C642001B5CC0070D9BC /* startFirebaseUITests */,
				60DD0C432001B5CC0070D9BC /* Products */,
			);
			sourceTree = "<group>";
		};
		60DD0C432001B5CC0070D9BC /* Products */ = {
			isa = PBXGroup;
			children = (
				60DD0C422001B5CC0070D9BC /* startFirebase.app */,
				60DD0C562001B5CC0070D9BC /* startFirebaseTests.xctest */,
				60DD0C612001B5CC0070D9BC /* startFirebaseUITests.xctest */,
			);
			name = Products;
			sourceTree = "<group>";
		};
		60DD0C442001B5CC0070D9BC /* startFirebase */ = {
			isa = PBXGroup;
			children = (
				60DD0C452001B5CC0070D9BC /* AppDelegate.swift */,
				60DD0C472001B5CC0070D9BC /* ViewController.swift */,
				60DD0C492001B5CC0070D9BC /* Main.storyboard */,
				60DD0C4C2001B5CC0070D9BC /* Assets.xcassets */,
				60DD0C4E2001B5CC0070D9BC /* LaunchScreen.storyboard */,
				60DD0C512001B5CC0070D9BC /* Info.plist */,
			);
			path = startFirebase;
			sourceTree = "<group>";
		};
		60DD0C592001B5CC0070D9BC /* startFirebaseTests */ = {
			isa = PBXGroup;
			children = (
				60DD0C5A2001B5CC0070D9BC /* startFirebaseTests.swift */,
				60DD0C5C2001B5CC0070D9BC /* Info.plist */,
			);
			path = startFirebaseTests;
			sourceTree = "<group>";
		};
		60DD0C642001B5CC0070D9BC /* startFirebaseUITests */ = {
			isa = PBXGroup;
			children = (
				60DD0C652001B5CC0070D9BC /* startFirebaseUITests.swift */,
				60DD0C672001B5CC0070D9BC /* Info.plist */,
			);
			path = startFirebaseUITests;
			sourceTree = "<group>";
		};
/* End PBXGroup section */

/* Begin PBXNativeTarget section */
		60DD0C412001B5CC0070D9BC /* startFirebase */ = {
			isa = PBXNativeTarget;
			buildConfigurationList = 60DD0C6A2001B5CC0070D9BC /* Build configuration list for PBXNativeTarget "startFirebase" */;
			buildPhases = (
				60DD0C3E2001B5CC0070D9BC /* Sources */,
				60DD0C3F2001B5CC0070D9BC /* Frameworks */,
				60DD0C402001B5CC0070D9BC /* Resources */,
			);
			buildRules = (
			);
			dependencies = (
			);
			name = startFirebase;
			productName = startFirebase;
			productReference = 60DD0C422001B5CC0070D9BC /* startFirebase.app */;
			productType = "com.apple.product-type.application";
		};
		60DD0C552001B5CC0070D9BC /* startFirebaseTests */ = {
			isa = PBXNativeTarget;
			buildConfigurationList = 60DD0C6D2001B5CC0070D9BC /* Build configuration list for PBXNativeTarget "startFirebaseTests" */;
			buildPhases = (
				60DD0C522001B5CC0070D9BC /* Sources */,
				60DD0C532001B5CC0070D9BC /* Frameworks */,
				60DD0C542001B5CC0070D9BC /* Resources */,
			);
			buildRules = (
			);
			dependencies = (
				60DD0C582001B5CC0070D9BC /* PBXTargetDependency */,
			);
			name = startFirebaseTests;
			productName = startFirebaseTests;
			productReference = 60DD0C562001B5CC0070D9BC /* startFirebaseTests.xctest */;
			productType = "com.apple.product-type.bundle.unit-test";
		};
		60DD0C602001B5CC0070D9BC /* startFirebaseUITests */ = {
			isa = PBXNativeTarget;
			buildConfigurationList = 60DD0C702001B5CC0070D9BC /* Build configuration list for PBXNativeTarget "startFirebaseUITests" */;
			buildPhases = (
				60DD0C5D2001B5CC0070D9BC /* Sources */,
				60DD0C5E2001B5CC0070D9BC /* Frameworks */,
				60DD0C5F2001B5CC0070D9BC /* Resources */,
			);
			buildRules = (
			);
			dependencies = (
				60DD0C632001B5CC0070D9BC /* PBXTargetDependency */,
			);
			name = startFirebaseUITests;
			productName = startFirebaseUITests;
			productReference = 60DD0C612001B5CC0070D9BC /* startFirebaseUITests.xctest */;
			productType = "com.apple.product-type.bundle.ui-testing";
		};
/* End PBXNativeTarget section */

/* Begin PBXProject section */
		60DD0C3A2001B5CC0070D9BC /* Project object */ = {
			isa = PBXProject;
			attributes = {
				LastSwiftUpdateCheck = 0920;
				LastUpgradeCheck = 0920;
				ORGANIZATIONNAME = "町田千優";
				TargetAttributes = {
					60DD0C412001B5CC0070D9BC = {
						CreatedOnToolsVersion = 9.2;
						ProvisioningStyle = Automatic;
					};
					60DD0C552001B5CC0070D9BC = {
						CreatedOnToolsVersion = 9.2;
						ProvisioningStyle = Automatic;
						TestTargetID = 60DD0C412001B5CC0070D9BC;
					};
					60DD0C602001B5CC0070D9BC = {
						CreatedOnToolsVersion = 9.2;
						ProvisioningStyle = Automatic;
						TestTargetID = 60DD0C412001B5CC0070D9BC;
					};
				};
			};
			buildConfigurationList = 60DD0C3D2001B5CC0070D9BC /* Build configuration list for PBXProject "startFirebase" */;
			compatibilityVersion = "Xcode 8.0";
			developmentRegion = en;
			hasScannedForEncodings = 0;
			knownRegions = (
				en,
				Base,
			);
			mainGroup = 60DD0C392001B5CC0070D9BC;
			productRefGroup = 60DD0C432001B5CC0070D9BC /* Products */;
			projectDirPath = "";
			projectRoot = "";
			targets = (
				60DD0C412001B5CC0070D9BC /* startFirebase */,
				60DD0C552001B5CC0070D9BC /* startFirebaseTests */,
				60DD0C602001B5CC0070D9BC /* startFirebaseUITests */,
			);
		};
/* End PBXProject section */

/* Begin PBXResourcesBuildPhase section */
		60DD0C402001B5CC0070D9BC /* Resources */ = {
			isa = PBXResourcesBuildPhase;
			buildActionMask = 2147483647;
			files = (
				60DD0C502001B5CC0070D9BC /* LaunchScreen.storyboard in Resources */,
				60DD0C4D2001B5CC0070D9BC /* Assets.xcassets in Resources */,
				60DD0C4B2001B5CC0070D9BC /* Main.storyboard in Resources */,
			);
			runOnlyForDeploymentPostprocessing = 0;
		};
		60DD0C542001B5CC0070D9BC /* Resources */ = {
			isa = PBXResourcesBuildPhase;
			buildActionMask = 2147483647;
			files = (
			);
			runOnlyForDeploymentPostprocessing = 0;
		};
		60DD0C5F2001B5CC0070D9BC /* Resources */ = {
			isa = PBXResourcesBuildPhase;
			buildActionMask = 2147483647;
			files = (
			);
			runOnlyForDeploymentPostprocessing = 0;
		};
/* End PBXResourcesBuildPhase section */

/* Begin PBXSourcesBuildPhase section */
		60DD0C3E2001B5CC0070D9BC /* Sources */ = {
			isa = PBXSourcesBuildPhase;
			buildActionMask = 2147483647;
			files = (
				60DD0C482001B5CC0070D9BC /* ViewController.swift in Sources */,
				60DD0C462001B5CC0070D9BC /* AppDelegate.swift in Sources */,
			);
			runOnlyForDeploymentPostprocessing = 0;
		};
		60DD0C522001B5CC0070D9BC /* Sources */ = {
			isa = PBXSourcesBuildPhase;
			buildActionMask = 2147483647;
			files = (
				60DD0C5B2001B5CC0070D9BC /* startFirebaseTests.swift in Sources */,
			);
			runOnlyForDeploymentPostprocessing = 0;
		};
		60DD0C5D2001B5CC0070D9BC /* Sources */ = {
			isa = PBXSourcesBuildPhase;
			buildActionMask = 2147483647;
			files = (
				60DD0C662001B5CC0070D9BC /* startFirebaseUITests.swift in Sources */,
			);
			runOnlyForDeploymentPostprocessing = 0;
		};
/* End PBXSourcesBuildPhase section */

/* Begin PBXTargetDependency section */
		60DD0C582001B5CC0070D9BC /* PBXTargetDependency */ = {
			isa = PBXTargetDependency;
			target = 60DD0C412001B5CC0070D9BC /* startFirebase */;
			targetProxy = 60DD0C572001B5CC0070D9BC /* PBXContainerItemProxy */;
		};
		60DD0C632001B5CC0070D9BC /* PBXTargetDependency */ = {
			isa = PBXTargetDependency;
			target = 60DD0C412001B5CC0070D9BC /* startFirebase */;
			targetProxy = 60DD0C622001B5CC0070D9BC /* PBXContainerItemProxy */;
		};
/* End PBXTargetDependency section */

/* Begin PBXVariantGroup section */
		60DD0C492001B5CC0070D9BC /* Main.storyboard */ = {
			isa = PBXVariantGroup;
			children = (
				60DD0C4A2001B5CC0070D9BC /* Base */,
			);
			name = Main.storyboard;
			sourceTree = "<group>";
		};
		60DD0C4E2001B5CC0070D9BC /* LaunchScreen.storyboard */ = {
			isa = PBXVariantGroup;
			children = (
				60DD0C4F2001B5CC0070D9BC /* Base */,
			);
			name = LaunchScreen.storyboard;
			sourceTree = "<group>";
		};
/* End PBXVariantGroup section */

/* Begin XCBuildConfiguration section */
		60DD0C682001B5CC0070D9BC /* Debug */ = {
			isa = XCBuildConfiguration;
			buildSettings = {
				ALWAYS_SEARCH_USER_PATHS = NO;
				CLANG_ANALYZER_NONNULL = YES;
				CLANG_ANALYZER_NUMBER_OBJECT_CONVERSION = YES_AGGRESSIVE;
				CLANG_CXX_LANGUAGE_STANDARD = "gnu++14";
				CLANG_CXX_LIBRARY = "libc++";
				CLANG_ENABLE_MODULES = YES;
				CLANG_ENABLE_OBJC_ARC = YES;
				CLANG_WARN_BLOCK_CAPTURE_AUTORELEASING = YES;
				CLANG_WARN_BOOL_CONVERSION = YES;
				CLANG_WARN_COMMA = YES;
				CLANG_WARN_CONSTANT_CONVERSION = YES;
				CLANG_WARN_DIRECT_OBJC_ISA_USAGE = YES_ERROR;
				CLANG_WARN_DOCUMENTATION_COMMENTS = YES;
				CLANG_WARN_EMPTY_BODY = YES;
				CLANG_WARN_ENUM_CONVERSION = YES;
				CLANG_WARN_INFINITE_RECURSION = YES;
				CLANG_WARN_INT_CONVERSION = YES;
				CLANG_WARN_NON_LITERAL_NULL_CONVERSION = YES;
				CLANG_WARN_OBJC_LITERAL_CONVERSION = YES;
				CLANG_WARN_OBJC_ROOT_CLASS = YES_ERROR;
				CLANG_WARN_RANGE_LOOP_ANALYSIS = YES;
				CLANG_WARN_STRICT_PROTOTYPES = YES;
				CLANG_WARN_SUSPICIOUS_MOVE = YES;
				CLANG_WARN_UNGUARDED_AVAILABILITY = YES_AGGRESSIVE;
				CLANG_WARN_UNREACHABLE_CODE = YES;
				CLANG_WARN__DUPLICATE_METHOD_MATCH = YES;
				CODE_SIGN_IDENTITY = "iPhone Developer";
				COPY_PHASE_STRIP = NO;
				DEBUG_INFORMATION_FORMAT = dwarf;
				ENABLE_STRICT_OBJC_MSGSEND = YES;
				ENABLE_TESTABILITY = YES;
				GCC_C_LANGUAGE_STANDARD = gnu11;
				GCC_DYNAMIC_NO_PIC = NO;
				GCC_NO_COMMON_BLOCKS = YES;
				GCC_OPTIMIZATION_LEVEL = 0;
				GCC_PREPROCESSOR_DEFINITIONS = (
					"DEBUG=1",
					"$(inherited)",
				);
				GCC_WARN_64_TO_32_BIT_CONVERSION = YES;
				GCC_WARN_ABOUT_RETURN_TYPE = YES_ERROR;
				GCC_WARN_UNDECLARED_SELECTOR = YES;
				GCC_WARN_UNINITIALIZED_AUTOS = YES_AGGRESSIVE;
				GCC_WARN_UNUSED_FUNCTION = YES;
				GCC_WARN_UNUSED_VARIABLE = YES;
				IPHONEOS_DEPLOYMENT_TARGET = 11.2;
				MTL_ENABLE_DEBUG_INFO = YES;
				ONLY_ACTIVE_ARCH = YES;
				SDKROOT = iphoneos;
				SWIFT_ACTIVE_COMPILATION_CONDITIONS = DEBUG;
				SWIFT_OPTIMIZATION_LEVEL = "-Onone";
			};
			name = Debug;
		};
		60DD0C692001B5CC0070D9BC /* Release */ = {
			isa = XCBuildConfiguration;
			buildSettings = {
				ALWAYS_SEARCH_USER_PATHS = NO;
				CLANG_ANALYZER_NONNULL = YES;
				CLANG_ANALYZER_NUMBER_OBJECT_CONVERSION = YES_AGGRESSIVE;
				CLANG_CXX_LANGUAGE_STANDARD = "gnu++14";
				CLANG_CXX_LIBRARY = "libc++";
				CLANG_ENABLE_MODULES = YES;
				CLANG_ENABLE_OBJC_ARC = YES;
				CLANG_WARN_BLOCK_CAPTURE_AUTORELEASING = YES;
				CLANG_WARN_BOOL_CONVERSION = YES;
				CLANG_WARN_COMMA = YES;
				CLANG_WARN_CONSTANT_CONVERSION = YES;
				CLANG_WARN_DIRECT_OBJC_ISA_USAGE = YES_ERROR;
				CLANG_WARN_DOCUMENTATION_COMMENTS = YES;
				CLANG_WARN_EMPTY_BODY = YES;
				CLANG_WARN_ENUM_CONVERSION = YES;
				CLANG_WARN_INFINITE_RECURSION = YES;
				CLANG_WARN_INT_CONVERSION = YES;
				CLANG_WARN_NON_LITERAL_NULL_CONVERSION = YES;
				CLANG_WARN_OBJC_LITERAL_CONVERSION = YES;
				CLANG_WARN_OBJC_ROOT_CLASS = YES_ERROR;
				CLANG_WARN_RANGE_LOOP_ANALYSIS = YES;
				CLANG_WARN_STRICT_PROTOTYPES = YES;
				CLANG_WARN_SUSPICIOUS_MOVE = YES;
				CLANG_WARN_UNGUARDED_AVAILABILITY = YES_AGGRESSIVE;
				CLANG_WARN_UNREACHABLE_CODE = YES;
				CLANG_WARN__DUPLICATE_METHOD_MATCH = YES;
				CODE_SIGN_IDENTITY = "iPhone Developer";
				COPY_PHASE_STRIP = NO;
				DEBUG_INFORMATION_FORMAT = "dwarf-with-dsym";
				ENABLE_NS_ASSERTIONS = NO;
				ENABLE_STRICT_OBJC_MSGSEND = YES;
				GCC_C_LANGUAGE_STANDARD = gnu11;
				GCC_NO_COMMON_BLOCKS = YES;
				GCC_WARN_64_TO_32_BIT_CONVERSION = YES;
				GCC_WARN_ABOUT_RETURN_TYPE = YES_ERROR;
				GCC_WARN_UNDECLARED_SELECTOR = YES;
				GCC_WARN_UNINITIALIZED_AUTOS = YES_AGGRESSIVE;
				GCC_WARN_UNUSED_FUNCTION = YES;
				GCC_WARN_UNUSED_VARIABLE = YES;
				IPHONEOS_DEPLOYMENT_TARGET = 11.2;
				MTL_ENABLE_DEBUG_INFO = NO;
				SDKROOT = iphoneos;
				SWIFT_OPTIMIZATION_LEVEL = "-Owholemodule";
				VALIDATE_PRODUCT = YES;
			};
			name = Release;
		};
		60DD0C6B2001B5CC0070D9BC /* Debug */ = {
			isa = XCBuildConfiguration;
			buildSettings = {
				ASSETCATALOG_COMPILER_APPICON_NAME = AppIcon;
				CODE_SIGN_STYLE = Automatic;
				INFOPLIST_FILE = startFirebase/Info.plist;
				LD_RUNPATH_SEARCH_PATHS = "$(inherited) @executable_path/Frameworks";
				PRODUCT_BUNDLE_IDENTIFIER = com.chihiro.startFirebase;
				PRODUCT_NAME = "$(TARGET_NAME)";
				SWIFT_VERSION = 4.0;
				TARGETED_DEVICE_FAMILY = "1,2";
			};
			name = Debug;
		};
		60DD0C6C2001B5CC0070D9BC /* Release */ = {
			isa = XCBuildConfiguration;
			buildSettings = {
				ASSETCATALOG_COMPILER_APPICON_NAME = AppIcon;
				CODE_SIGN_STYLE = Automatic;
				INFOPLIST_FILE = startFirebase/Info.plist;
				LD_RUNPATH_SEARCH_PATHS = "$(inherited) @executable_path/Frameworks";
				PRODUCT_BUNDLE_IDENTIFIER = com.chihiro.startFirebase;
				PRODUCT_NAME = "$(TARGET_NAME)";
				SWIFT_VERSION = 4.0;
				TARGETED_DEVICE_FAMILY = "1,2";
			};
			name = Release;
		};
		60DD0C6E2001B5CC0070D9BC /* Debug */ = {
			isa = XCBuildConfiguration;
			buildSettings = {
				ALWAYS_EMBED_SWIFT_STANDARD_LIBRARIES = YES;
				BUNDLE_LOADER = "$(TEST_HOST)";
				CODE_SIGN_STYLE = Automatic;
				INFOPLIST_FILE = startFirebaseTests/Info.plist;
				LD_RUNPATH_SEARCH_PATHS = "$(inherited) @executable_path/Frameworks @loader_path/Frameworks";
				PRODUCT_BUNDLE_IDENTIFIER = com.chihiro.startFirebaseTests;
				PRODUCT_NAME = "$(TARGET_NAME)";
				SWIFT_VERSION = 4.0;
				TARGETED_DEVICE_FAMILY = "1,2";
				TEST_HOST = "$(BUILT_PRODUCTS_DIR)/startFirebase.app/startFirebase";
			};
			name = Debug;
		};
		60DD0C6F2001B5CC0070D9BC /* Release */ = {
			isa = XCBuildConfiguration;
			buildSettings = {
				ALWAYS_EMBED_SWIFT_STANDARD_LIBRARIES = YES;
				BUNDLE_LOADER = "$(TEST_HOST)";
				CODE_SIGN_STYLE = Automatic;
				INFOPLIST_FILE = startFirebaseTests/Info.plist;
				LD_RUNPATH_SEARCH_PATHS = "$(inherited) @executable_path/Frameworks @loader_path/Frameworks";
				PRODUCT_BUNDLE_IDENTIFIER = com.chihiro.startFirebaseTests;
				PRODUCT_NAME = "$(TARGET_NAME)";
				SWIFT_VERSION = 4.0;
				TARGETED_DEVICE_FAMILY = "1,2";
				TEST_HOST = "$(BUILT_PRODUCTS_DIR)/startFirebase.app/startFirebase";
			};
			name = Release;
		};
		60DD0C712001B5CC0070D9BC /* Debug */ = {
			isa = XCBuildConfiguration;
			buildSettings = {
				ALWAYS_EMBED_SWIFT_STANDARD_LIBRARIES = YES;
				CODE_SIGN_STYLE = Automatic;
				INFOPLIST_FILE = startFirebaseUITests/Info.plist;
				LD_RUNPATH_SEARCH_PATHS = "$(inherited) @executable_path/Frameworks @loader_path/Frameworks";
				PRODUCT_BUNDLE_IDENTIFIER = com.chihiro.startFirebaseUITests;
				PRODUCT_NAME = "$(TARGET_NAME)";
				SWIFT_VERSION = 4.0;
				TARGETED_DEVICE_FAMILY = "1,2";
				TEST_TARGET_NAME = startFirebase;
			};
			name = Debug;
		};
		60DD0C722001B5CC0070D9BC /* Release */ = {
			isa = XCBuildConfiguration;
			buildSettings = {
				ALWAYS_EMBED_SWIFT_STANDARD_LIBRARIES = YES;
				CODE_SIGN_STYLE = Automatic;
				INFOPLIST_FILE = startFirebaseUITests/Info.plist;
				LD_RUNPATH_SEARCH_PATHS = "$(inherited) @executable_path/Frameworks @loader_path/Frameworks";
				PRODUCT_BUNDLE_IDENTIFIER = com.chihiro.startFirebaseUITests;
				PRODUCT_NAME = "$(TARGET_NAME)";
				SWIFT_VERSION = 4.0;
				TARGETED_DEVICE_FAMILY = "1,2";
				TEST_TARGET_NAME = startFirebase;
			};
			name = Release;
		};
/* End XCBuildConfiguration section */

/* Begin XCConfigurationList section */
		60DD0C3D2001B5CC0070D9BC /* Build configuration list for PBXProject "startFirebase" */ = {
			isa = XCConfigurationList;
			buildConfigurations = (
				60DD0C682001B5CC0070D9BC /* Debug */,
				60DD0C692001B5CC0070D9BC /* Release */,
			);
			defaultConfigurationIsVisible = 0;
			defaultConfigurationName = Release;
		};
		60DD0C6A2001B5CC0070D9BC /* Build configuration list for PBXNativeTarget "startFirebase" */ = {
			isa = XCConfigurationList;
			buildConfigurations = (
				60DD0C6B2001B5CC0070D9BC /* Debug */,
				60DD0C6C2001B5CC0070D9BC /* Release */,
			);
			defaultConfigurationIsVisible = 0;
			defaultConfigurationName = Release;
		};
		60DD0C6D2001B5CC0070D9BC /* Build configuration list for PBXNativeTarget "startFirebaseTests" */ = {
			isa = XCConfigurationList;
			buildConfigurations = (
				60DD0C6E2001B5CC0070D9BC /* Debug */,
				60DD0C6F2001B5CC0070D9BC /* Release */,
			);
			defaultConfigurationIsVisible = 0;
			defaultConfigurationName = Release;
		};
		60DD0C702001B5CC0070D9BC /* Build configuration list for PBXNativeTarget "startFirebaseUITests" */ = {
			isa = XCConfigurationList;
			buildConfigurations = (
				60DD0C712001B5CC0070D9BC /* Debug */,
				60DD0C722001B5CC0070D9BC /* Release */,
			);
			defaultConfigurationIsVisible = 0;
			defaultConfigurationName = Release;
		};
/* End XCConfigurationList section */
	};
	rootObject = 60DD0C3A2001B5CC0070D9BC /* Project object */;
}
